
Microsoft Visual Studio Solution File, Format Version 12.00
# Visual Studio Version 17
VisualStudioVersion = 17.4.33213.308
MinimumVisualStudioVersion = 10.0.40219.1
Project("{FAE04EC0-301F-11D3-BF4B-00C04F79EFBC}") = "WebApi1", "WebApi1\WebApi1.csproj", "{3AB969F1-50BB-4199-9402-66F7E360C328}"
EndProject
Project("{FAE04EC0-301F-11D3-BF4B-00C04F79EFBC}") = "WebApi2", "WebApil2\WebApi2.csproj", "{A8F23EFE-5635-4A4B-B420-1137CD26CC10}"
EndProject
Project("{FAE04EC0-301F-11D3-BF4B-00C04F79EFBC}") = "WebApi3", "WebApi3\WebApi3.csproj", "{B8B756D5-99F4-454F-8C45-5EB64DCB43C3}"
EndProject
Global
	GlobalSection(SolutionConfigurationPlatforms) = preSolution
		Debug|Any CPU = Debug|Any CPU
		Release|Any CPU = Release|Any CPU
	EndGlobalSection
	GlobalSection(ProjectConfigurationPlatforms) = postSolution
		{3AB969F1-50BB-4199-9402-66F7E360C328}.Debug|Any CPU.ActiveCfg = Debug|Any CPU
		{3AB969F1-50BB-4199-9402-66F7E360C328}.Debug|Any CPU.Build.0 = Debug|Any CPU
		{3AB969F1-50BB-4199-9402-66F7E360C328}.Release|Any CPU.ActiveCfg = Release|Any CPU
		{3AB969F1-50BB-4199-9402-66F7E360C328}.Release|Any CPU.Build.0 = Release|Any CPU
		{A8F23EFE-5635-4A4B-B420-1137CD26CC10}.Debug|Any CPU.ActiveCfg = Debug|Any CPU
		{A8F23EFE-5635-4A4B-B420-1137CD26CC10}.Debug|Any CPU.Build.0 = Debug|Any CPU
		{A8F23EFE-5635-4A4B-B420-1137CD26CC10}.Release|Any CPU.ActiveCfg = Release|Any CPU
		{A8F23EFE-5635-4A4B-B420-1137CD26CC10}.Release|Any CPU.Build.0 = Release|Any CPU
		{B8B756D5-99F4-454F-8C45-5EB64DCB43C3}.Debug|Any CPU.ActiveCfg = Debug|Any CPU
		{B8B756D5-99F4-454F-8C45-5EB64DCB43C3}.Debug|Any CPU.Build.0 = Debug|Any CPU
		{B8B756D5-99F4-454F-8C45-5EB64DCB43C3}.Release|Any CPU.ActiveCfg = Release|Any CPU
		{B8B756D5-99F4-454F-8C45-5EB64DCB43C3}.Release|Any CPU.Build.0 = Release|Any CPU
	EndGlobalSection
	GlobalSection(SolutionProperties) = preSolution
		HideSolutionNode = FALSE
	EndGlobalSection
	GlobalSection(ExtensibilityGlobals) = postSolution
		SolutionGuid = {0FB07B70-6BDE-478A-9905-D5F0C1F1BC0F}
	EndGlobalSection
EndGlobal
